
Microsoft Visual Studio Solution File, Format Version 12.00
# Visual Studio Version 16
VisualStudioVersion = 16.0.29409.12
MinimumVisualStudioVersion = 10.0.40219.1
Project("{FAE04EC0-301F-11D3-BF4B-00C04F79EFBC}") = "Graduation", "Graduation\Graduation.csproj", "{31E9DE82-8A64-4B72-AD16-FA434CA57C25}"
EndProject
Global
	GlobalSection(SolutionConfigurationPlatforms) = preSolution
		Debug|Any CPU = Debug|Any CPU
		Release|Any CPU = Release|Any CPU
	EndGlobalSection
	GlobalSection(ProjectConfigurationPlatforms) = postSolution
		{31E9DE82-8A64-4B72-AD16-FA434CA57C25}.Debug|Any CPU.ActiveCfg = Debug|Any CPU
		{31E9DE82-8A64-4B72-AD16-FA434CA57C25}.Debug|Any CPU.Build.0 = Debug|Any CPU
		{31E9DE82-8A64-4B72-AD16-FA434CA57C25}.Release|Any CPU.ActiveCfg = Release|Any CPU
		{31E9DE82-8A64-4B72-AD16-FA434CA57C25}.Release|Any CPU.Build.0 = Release|Any CPU
	EndGlobalSection
	GlobalSection(SolutionProperties) = preSolution
		HideSolutionNode = FALSE
	EndGlobalSection
	GlobalSection(ExtensibilityGlobals) = postSolution
		SolutionGuid = {529A7D89-323F-4FD5-B60B-BF1A305FC607}
	EndGlobalSection
EndGlobal
